
Microsoft Visual Studio Solution File, Format Version 12.00
# Visual Studio 15
VisualStudioVersion = 15.0.25920.0
MinimumVisualStudioVersion = 10.0.40219.1
Project("{FAE04EC0-301F-11D3-BF4B-00C04F79EFBC}") = "DepthBasics-WPF", "DepthBasics-WPF.csproj", "{B814AEE7-0717-4BF4-BACB-150E8AA91633}"
EndProject
Project("{FAE04EC0-301F-11D3-BF4B-00C04F79EFBC}") = "KinectLocation", "..\KinectLocation\KinectLocation.csproj", "{6EDA6A26-6372-4B62-87C1-2A37D7A8C4B7}"
EndProject
Global
	GlobalSection(SolutionConfigurationPlatforms) = preSolution
		Debug|Any CPU = Debug|Any CPU
		Debug|ARM = Debug|ARM
		Debug|x64 = Debug|x64
		Debug|x86 = Debug|x86
		Release|Any CPU = Release|Any CPU
		Release|ARM = Release|ARM
		Release|x64 = Release|x64
		Release|x86 = Release|x86
	EndGlobalSection
	GlobalSection(ProjectConfigurationPlatforms) = postSolution
		{B814AEE7-0717-4BF4-BACB-150E8AA91633}.Debug|Any CPU.ActiveCfg = Debug|Any CPU
		{B814AEE7-0717-4BF4-BACB-150E8AA91633}.Debug|Any CPU.Build.0 = Debug|Any CPU
		{B814AEE7-0717-4BF4-BACB-150E8AA91633}.Debug|ARM.ActiveCfg = Debug|Any CPU
		{B814AEE7-0717-4BF4-BACB-150E8AA91633}.Debug|ARM.Build.0 = Debug|Any CPU
		{B814AEE7-0717-4BF4-BACB-150E8AA91633}.Debug|x64.ActiveCfg = Debug|x64
		{B814AEE7-0717-4BF4-BACB-150E8AA91633}.Debug|x64.Build.0 = Debug|x64
		{B814AEE7-0717-4BF4-BACB-150E8AA91633}.Debug|x86.ActiveCfg = Debug|Any CPU
		{B814AEE7-0717-4BF4-BACB-150E8AA91633}.Debug|x86.Build.0 = Debug|Any CPU
		{B814AEE7-0717-4BF4-BACB-150E8AA91633}.Release|Any CPU.ActiveCfg = Release|Any CPU
		{B814AEE7-0717-4BF4-BACB-150E8AA91633}.Release|Any CPU.Build.0 = Release|Any CPU
		{B814AEE7-0717-4BF4-BACB-150E8AA91633}.Release|ARM.ActiveCfg = Release|Any CPU
		{B814AEE7-0717-4BF4-BACB-150E8AA91633}.Release|ARM.Build.0 = Release|Any CPU
		{B814AEE7-0717-4BF4-BACB-150E8AA91633}.Release|x64.ActiveCfg = Release|x64
		{B814AEE7-0717-4BF4-BACB-150E8AA91633}.Release|x64.Build.0 = Release|x64
		{B814AEE7-0717-4BF4-BACB-150E8AA91633}.Release|x86.ActiveCfg = Release|Any CPU
		{B814AEE7-0717-4BF4-BACB-150E8AA91633}.Release|x86.Build.0 = Release|Any CPU
		{6EDA6A26-6372-4B62-87C1-2A37D7A8C4B7}.Debug|Any CPU.ActiveCfg = Debug|Any CPU
		{6EDA6A26-6372-4B62-87C1-2A37D7A8C4B7}.Debug|Any CPU.Build.0 = Debug|Any CPU
		{6EDA6A26-6372-4B62-87C1-2A37D7A8C4B7}.Debug|ARM.ActiveCfg = Debug|Any CPU
		{6EDA6A26-6372-4B62-87C1-2A37D7A8C4B7}.Debug|ARM.Build.0 = Debug|Any CPU
		{6EDA6A26-6372-4B62-87C1-2A37D7A8C4B7}.Debug|x64.ActiveCfg = Debug|Any CPU
		{6EDA6A26-6372-4B62-87C1-2A37D7A8C4B7}.Debug|x64.Build.0 = Debug|Any CPU
		{6EDA6A26-6372-4B62-87C1-2A37D7A8C4B7}.Debug|x86.ActiveCfg = Debug|Any CPU
		{6EDA6A26-6372-4B62-87C1-2A37D7A8C4B7}.Debug|x86.Build.0 = Debug|Any CPU
		{6EDA6A26-6372-4B62-87C1-2A37D7A8C4B7}.Release|Any CPU.ActiveCfg = Release|Any CPU
		{6EDA6A26-6372-4B62-87C1-2A37D7A8C4B7}.Release|Any CPU.Build.0 = Release|Any CPU
		{6EDA6A26-6372-4B62-87C1-2A37D7A8C4B7}.Release|ARM.ActiveCfg = Release|Any CPU
		{6EDA6A26-6372-4B62-87C1-2A37D7A8C4B7}.Release|ARM.Build.0 = Release|Any CPU
		{6EDA6A26-6372-4B62-87C1-2A37D7A8C4B7}.Release|x64.ActiveCfg = Release|Any CPU
		{6EDA6A26-6372-4B62-87C1-2A37D7A8C4B7}.Release|x64.Build.0 = Release|Any CPU
		{6EDA6A26-6372-4B62-87C1-2A37D7A8C4B7}.Release|x86.ActiveCfg = Release|Any CPU
		{6EDA6A26-6372-4B62-87C1-2A37D7A8C4B7}.Release|x86.Build.0 = Release|Any CPU
	EndGlobalSection
	GlobalSection(SolutionProperties) = preSolution
		HideSolutionNode = FALSE
	EndGlobalSection
EndGlobal
